// !$*UTF8*$!
{
	archiveVersion = 1;
	classes = {
	};
	objectVersion = 55;
	objects = {

/* Begin PBXBuildFile section */
		D0233E132995784C0094E89D /* RandomFactApp.swift in Sources */ = {isa = PBXBuildFile; fileRef = D0233E122995784C0094E89D /* RandomFactApp.swift */; };
		D0233E152995784C0094E89D /* ContentView.swift in Sources */ = {isa = PBXBuildFile; fileRef = D0233E142995784C0094E89D /* ContentView.swift */; };
		D0233E172995784E0094E89D /* Assets.xcassets in Resources */ = {isa = PBXBuildFile; fileRef = D0233E162995784E0094E89D /* Assets.xcassets */; };
		D0233E1A2995784E0094E89D /* Preview Assets.xcassets in Resources */ = {isa = PBXBuildFile; fileRef = D0233E192995784E0094E89D /* Preview Assets.xcassets */; };
		D0233E242995784E0094E89D /* RandomFactTests.swift in Sources */ = {isa = PBXBuildFile; fileRef = D0233E232995784E0094E89D /* RandomFactTests.swift */; };
		D0233E2E2995784E0094E89D /* RandomFactUITests.swift in Sources */ = {isa = PBXBuildFile; fileRef = D0233E2D2995784E0094E89D /* RandomFactUITests.swift */; };
		D0233E302995784E0094E89D /* RandomFactUITestsLaunchTests.swift in Sources */ = {isa = PBXBuildFile; fileRef = D0233E2F2995784E0094E89D /* RandomFactUITestsLaunchTests.swift */; };
/* End PBXBuildFile section */

/* Begin PBXContainerItemProxy section */
		D0233E202995784E0094E89D /* PBXContainerItemProxy */ = {
			isa = PBXContainerItemProxy;
			containerPortal = D0233E072995784C0094E89D /* Project object */;
			proxyType = 1;
			remoteGlobalIDString = D0233E0E2995784C0094E89D;
			remoteInfo = RandomFact;
		};
		D0233E2A2995784E0094E89D /* PBXContainerItemProxy */ = {
			isa = PBXContainerItemProxy;
			containerPortal = D0233E072995784C0094E89D /* Project object */;
			proxyType = 1;
			remoteGlobalIDString = D0233E0E2995784C0094E89D;
			remoteInfo = RandomFact;
		};
/* End PBXContainerItemProxy section */

/* Begin PBXFileReference section */
		D0233E0F2995784C0094E89D /* RandomFact.app */ = {isa = PBXFileReference; explicitFileType = wrapper.application; includeInIndex = 0; path = RandomFact.app; sourceTree = BUILT_PRODUCTS_DIR; };
		D0233E122995784C0094E89D /* RandomFactApp.swift */ = {isa = PBXFileReference; lastKnownFileType = sourcecode.swift; path = RandomFactApp.swift; sourceTree = "<group>"; };
		D0233E142995784C0094E89D /* ContentView.swift */ = {isa = PBXFileReference; lastKnownFileType = sourcecode.swift; path = ContentView.swift; sourceTree = "<group>"; };
		D0233E162995784E0094E89D /* Assets.xcassets */ = {isa = PBXFileReference; lastKnownFileType = folder.assetcatalog; path = Assets.xcassets; sourceTree = "<group>"; };
		D0233E192995784E0094E89D /* Preview Assets.xcassets */ = {isa = PBXFileReference; lastKnownFileType = folder.assetcatalog; path = "Preview Assets.xcassets"; sourceTree = "<group>"; };
		D0233E1F2995784E0094E89D /* RandomFactTests.xctest */ = {isa = PBXFileReference; explicitFileType = wrapper.cfbundle; includeInIndex = 0; path = RandomFactTests.xctest; sourceTree = BUILT_PRODUCTS_DIR; };
		D0233E232995784E0094E89D /* RandomFactTests.swift */ = {isa = PBXFileReference; lastKnownFileType = sourcecode.swift; path = RandomFactTests.swift; sourceTree = "<group>"; };
		D0233E292995784E0094E89D /* RandomFactUITests.xctest */ = {isa = PBXFileReference; explicitFileType = wrapper.cfbundle; includeInIndex = 0; path = RandomFactUITests.xctest; sourceTree = BUILT_PRODUCTS_DIR; };
		D0233E2D2995784E0094E89D /* RandomFactUITests.swift */ = {isa = PBXFileReference; lastKnownFileType = sourcecode.swift; path = RandomFactUITests.swift; sourceTree = "<group>"; };
		D0233E2F2995784E0094E89D /* RandomFactUITestsLaunchTests.swift */ = {isa = PBXFileReference; lastKnownFileType = sourcecode.swift; path = RandomFactUITestsLaunchTests.swift; sourceTree = "<group>"; };
/* End PBXFileReference section */

/* Begin PBXFrameworksBuildPhase section */
		D0233E0C2995784C0094E89D /* Frameworks */ = {
			isa = PBXFrameworksBuildPhase;
			buildActionMask = 2147483647;
			files = (
			);
			runOnlyForDeploymentPostprocessing = 0;
		};
		D0233E1C2995784E0094E89D /* Frameworks */ = {
			isa = PBXFrameworksBuildPhase;
			buildActionMask = 2147483647;
			files = (
			);
			runOnlyForDeploymentPostprocessing = 0;
		};
		D0233E262995784E0094E89D /* Frameworks */ = {
			isa = PBXFrameworksBuildPhase;
			buildActionMask = 2147483647;
			files = (
			);
			runOnlyForDeploymentPostprocessing = 0;
		};
/* End PBXFrameworksBuildPhase section */

/* Begin PBXGroup section */
		D0233E062995784C0094E89D = {
			isa = PBXGroup;
			children = (
				D0233E112995784C0094E89D /* RandomFact */,
				D0233E222995784E0094E89D /* RandomFactTests */,
				D0233E2C2995784E0094E89D /* RandomFactUITests */,
				D0233E102995784C0094E89D /* Products */,
			);
			sourceTree = "<group>";
		};
		D0233E102995784C0094E89D /* Products */ = {
			isa = PBXGroup;
			children = (
				D0233E0F2995784C0094E89D /* RandomFact.app */,
				D0233E1F2995784E0094E89D /* RandomFactTests.xctest */,
				D0233E292995784E0094E89D /* RandomFactUITests.xctest */,
			);
			name = Products;
			sourceTree = "<group>";
		};
		D0233E112995784C0094E89D /* RandomFact */ = {
			isa = PBXGroup;
			children = (
				D0233E122995784C0094E89D /* RandomFactApp.swift */,
				D0233E142995784C0094E89D /* ContentView.swift */,
				D0233E162995784E0094E89D /* Assets.xcassets */,
				D0233E182995784E0094E89D /* Preview Content */,
			);
			path = RandomFact;
			sourceTree = "<group>";
		};
		D0233E182995784E0094E89D /* Preview Content */ = {
			isa = PBXGroup;
			children = (
				D0233E192995784E0094E89D /* Preview Assets.xcassets */,
			);
			path = "Preview Content";
			sourceTree = "<group>";
		};
		D0233E222995784E0094E89D /* RandomFactTests */ = {
			isa = PBXGroup;
			children = (
				D0233E232995784E0094E89D /* RandomFactTests.swift */,
			);
			path = RandomFactTests;
			sourceTree = "<group>";
		};
		D0233E2C2995784E0094E89D /* RandomFactUITests */ = {
			isa = PBXGroup;
			children = (
				D0233E2D2995784E0094E89D /* RandomFactUITests.swift */,
				D0233E2F2995784E0094E89D /* RandomFactUITestsLaunchTests.swift */,
			);
			path = RandomFactUITests;
			sourceTree = "<group>";
		};
/* End PBXGroup section */

/* Begin PBXNativeTarget section */
		D0233E0E2995784C0094E89D /* RandomFact */ = {
			isa = PBXNativeTarget;
			buildConfigurationList = D0233E332995784E0094E89D /* Build configuration list for PBXNativeTarget "RandomFact" */;
			buildPhases = (
				D0233E0B2995784C0094E89D /* Sources */,
				D0233E0C2995784C0094E89D /* Frameworks */,
				D0233E0D2995784C0094E89D /* Resources */,
			);
			buildRules = (
			);
			dependencies = (
			);
			name = RandomFact;
			productName = RandomFact;
			productReference = D0233E0F2995784C0094E89D /* RandomFact.app */;
			productType = "com.apple.product-type.application";
		};
		D0233E1E2995784E0094E89D /* RandomFactTests */ = {
			isa = PBXNativeTarget;
			buildConfigurationList = D0233E362995784E0094E89D /* Build configuration list for PBXNativeTarget "RandomFactTests" */;
			buildPhases = (
				D0233E1B2995784E0094E89D /* Sources */,
				D0233E1C2995784E0094E89D /* Frameworks */,
				D0233E1D2995784E0094E89D /* Resources */,
			);
			buildRules = (
			);
			dependencies = (
				D0233E212995784E0094E89D /* PBXTargetDependency */,
			);
			name = RandomFactTests;
			productName = RandomFactTests;
			productReference = D0233E1F2995784E0094E89D /* RandomFactTests.xctest */;
			productType = "com.apple.product-type.bundle.unit-test";
		};
		D0233E282995784E0094E89D /* RandomFactUITests */ = {
			isa = PBXNativeTarget;
			buildConfigurationList = D0233E392995784E0094E89D /* Build configuration list for PBXNativeTarget "RandomFactUITests" */;
			buildPhases = (
				D0233E252995784E0094E89D /* Sources */,
				D0233E262995784E0094E89D /* Frameworks */,
				D0233E272995784E0094E89D /* Resources */,
			);
			buildRules = (
			);
			dependencies = (
				D0233E2B2995784E0094E89D /* PBXTargetDependency */,
			);
			name = RandomFactUITests;
			productName = RandomFactUITests;
			productReference = D0233E292995784E0094E89D /* RandomFactUITests.xctest */;
			productType = "com.apple.product-type.bundle.ui-testing";
		};
/* End PBXNativeTarget section */

/* Begin PBXProject section */
		D0233E072995784C0094E89D /* Project object */ = {
			isa = PBXProject;
			attributes = {
				BuildIndependentTargetsInParallel = 1;
				LastSwiftUpdateCheck = 1340;
				LastUpgradeCheck = 1340;
				TargetAttributes = {
					D0233E0E2995784C0094E89D = {
						CreatedOnToolsVersion = 13.4.1;
					};
					D0233E1E2995784E0094E89D = {
						CreatedOnToolsVersion = 13.4.1;
						TestTargetID = D0233E0E2995784C0094E89D;
					};
					D0233E282995784E0094E89D = {
						CreatedOnToolsVersion = 13.4.1;
						TestTargetID = D0233E0E2995784C0094E89D;
					};
				};
			};
			buildConfigurationList = D0233E0A2995784C0094E89D /* Build configuration list for PBXProject "RandomFact" */;
			compatibilityVersion = "Xcode 13.0";
			developmentRegion = en;
			hasScannedForEncodings = 0;
			knownRegions = (
				en,
				Base,
			);
			mainGroup = D0233E062995784C0094E89D;
			productRefGroup = D0233E102995784C0094E89D /* Products */;
			projectDirPath = "";
			projectRoot = "";
			targets = (
				D0233E0E2995784C0094E89D /* RandomFact */,
				D0233E1E2995784E0094E89D /* RandomFactTests */,
				D0233E282995784E0094E89D /* RandomFactUITests */,
			);
		};
/* End PBXProject section */

/* Begin PBXResourcesBuildPhase section */
		D0233E0D2995784C0094E89D /* Resources */ = {
			isa = PBXResourcesBuildPhase;
			buildActionMask = 2147483647;
			files = (
				D0233E1A2995784E0094E89D /* Preview Assets.xcassets in Resources */,
				D0233E172995784E0094E89D /* Assets.xcassets in Resources */,
			);
			runOnlyForDeploymentPostprocessing = 0;
		};
		D0233E1D2995784E0094E89D /* Resources */ = {
			isa = PBXResourcesBuildPhase;
			buildActionMask = 2147483647;
			files = (
			);
			runOnlyForDeploymentPostprocessing = 0;
		};
		D0233E272995784E0094E89D /* Resources */ = {
			isa = PBXResourcesBuildPhase;
			buildActionMask = 2147483647;
			files = (
			);
			runOnlyForDeploymentPostprocessing = 0;
		};
/* End PBXResourcesBuildPhase section */

/* Begin PBXSourcesBuildPhase section */
		D0233E0B2995784C0094E89D /* Sources */ = {
			isa = PBXSourcesBuildPhase;
			buildActionMask = 2147483647;
			files = (
				D0233E152995784C0094E89D /* ContentView.swift in Sources */,
				D0233E132995784C0094E89D /* RandomFactApp.swift in Sources */,
			);
			runOnlyForDeploymentPostprocessing = 0;
		};
		D0233E1B2995784E0094E89D /* Sources */ = {
			isa = PBXSourcesBuildPhase;
			buildActionMask = 2147483647;
			files = (
				D0233E242995784E0094E89D /* RandomFactTests.swift in Sources */,
			);
			runOnlyForDeploymentPostprocessing = 0;
		};
		D0233E252995784E0094E89D /* Sources */ = {
			isa = PBXSourcesBuildPhase;
			buildActionMask = 2147483647;
			files = (
				D0233E2E2995784E0094E89D /* RandomFactUITests.swift in Sources */,
				D0233E302995784E0094E89D /* RandomFactUITestsLaunchTests.swift in Sources */,
			);
			runOnlyForDeploymentPostprocessing = 0;
		};
/* End PBXSourcesBuildPhase section */

/* Begin PBXTargetDependency section */
		D0233E212995784E0094E89D /* PBXTargetDependency */ = {
			isa = PBXTargetDependency;
			target = D0233E0E2995784C0094E89D /* RandomFact */;
			targetProxy = D0233E202995784E0094E89D /* PBXContainerItemProxy */;
		};
		D0233E2B2995784E0094E89D /* PBXTargetDependency */ = {
			isa = PBXTargetDependency;
			target = D0233E0E2995784C0094E89D /* RandomFact */;
			targetProxy = D0233E2A2995784E0094E89D /* PBXContainerItemProxy */;
		};
/* End PBXTargetDependency section */

/* Begin XCBuildConfiguration section */
		D0233E312995784E0094E89D /* Debug */ = {
			isa = XCBuildConfiguration;
			buildSettings = {
				ALWAYS_SEARCH_USER_PATHS = NO;
				CLANG_ANALYZER_NONNULL = YES;
				CLANG_ANALYZER_NUMBER_OBJECT_CONVERSION = YES_AGGRESSIVE;
				CLANG_CXX_LANGUAGE_STANDARD = "gnu++17";
				CLANG_ENABLE_MODULES = YES;
				CLANG_ENABLE_OBJC_ARC = YES;
				CLANG_ENABLE_OBJC_WEAK = YES;
				CLANG_WARN_BLOCK_CAPTURE_AUTORELEASING = YES;
				CLANG_WARN_BOOL_CONVERSION = YES;
				CLANG_WARN_COMMA = YES;
				CLANG_WARN_CONSTANT_CONVERSION = YES;
				CLANG_WARN_DEPRECATED_OBJC_IMPLEMENTATIONS = YES;
				CLANG_WARN_DIRECT_OBJC_ISA_USAGE = YES_ERROR;
				CLANG_WARN_DOCUMENTATION_COMMENTS = YES;
				CLANG_WARN_EMPTY_BODY = YES;
				CLANG_WARN_ENUM_CONVERSION = YES;
				CLANG_WARN_INFINITE_RECURSION = YES;
				CLANG_WARN_INT_CONVERSION = YES;
				CLANG_WARN_NON_LITERAL_NULL_CONVERSION = YES;
				CLANG_WARN_OBJC_IMPLICIT_RETAIN_SELF = YES;
				CLANG_WARN_OBJC_LITERAL_CONVERSION = YES;
				CLANG_WARN_OBJC_ROOT_CLASS = YES_ERROR;
				CLANG_WARN_QUOTED_INCLUDE_IN_FRAMEWORK_HEADER = YES;
				CLANG_WARN_RANGE_LOOP_ANALYSIS = YES;
				CLANG_WARN_STRICT_PROTOTYPES = YES;
				CLANG_WARN_SUSPICIOUS_MOVE = YES;
				CLANG_WARN_UNGUARDED_AVAILABILITY = YES_AGGRESSIVE;
				CLANG_WARN_UNREACHABLE_CODE = YES;
				CLANG_WARN__DUPLICATE_METHOD_MATCH = YES;
				COPY_PHASE_STRIP = NO;
				DEBUG_INFORMATION_FORMAT = dwarf;
				ENABLE_STRICT_OBJC_MSGSEND = YES;
				ENABLE_TESTABILITY = YES;
				GCC_C_LANGUAGE_STANDARD = gnu11;
				GCC_DYNAMIC_NO_PIC = NO;
				GCC_NO_COMMON_BLOCKS = YES;
				GCC_OPTIMIZATION_LEVEL = 0;
				GCC_PREPROCESSOR_DEFINITIONS = (
					"DEBUG=1",
					"$(inherited)",
				);
				GCC_WARN_64_TO_32_BIT_CONVERSION = YES;
				GCC_WARN_ABOUT_RETURN_TYPE = YES_ERROR;
				GCC_WARN_UNDECLARED_SELECTOR = YES;
				GCC_WARN_UNINITIALIZED_AUTOS = YES_AGGRESSIVE;
				GCC_WARN_UNUSED_FUNCTION = YES;
				GCC_WARN_UNUSED_VARIABLE = YES;
				IPHONEOS_DEPLOYMENT_TARGET = 15.5;
				MTL_ENABLE_DEBUG_INFO = INCLUDE_SOURCE;
				MTL_FAST_MATH = YES;
				ONLY_ACTIVE_ARCH = YES;
				SDKROOT = iphoneos;
				SWIFT_ACTIVE_COMPILATION_CONDITIONS = DEBUG;
				SWIFT_OPTIMIZATION_LEVEL = "-Onone";
			};
			name = Debug;
		};
		D0233E322995784E0094E89D /* Release */ = {
			isa = XCBuildConfiguration;
			buildSettings = {
				ALWAYS_SEARCH_USER_PATHS = NO;
				CLANG_ANALYZER_NONNULL = YES;
				CLANG_ANALYZER_NUMBER_OBJECT_CONVERSION = YES_AGGRESSIVE;
				CLANG_CXX_LANGUAGE_STANDARD = "gnu++17";
				CLANG_ENABLE_MODULES = YES;
				CLANG_ENABLE_OBJC_ARC = YES;
				CLANG_ENABLE_OBJC_WEAK = YES;
				CLANG_WARN_BLOCK_CAPTURE_AUTORELEASING = YES;
				CLANG_WARN_BOOL_CONVERSION = YES;
				CLANG_WARN_COMMA = YES;
				CLANG_WARN_CONSTANT_CONVERSION = YES;
				CLANG_WARN_DEPRECATED_OBJC_IMPLEMENTATIONS = YES;
				CLANG_WARN_DIRECT_OBJC_ISA_USAGE = YES_ERROR;
				CLANG_WARN_DOCUMENTATION_COMMENTS = YES;
				CLANG_WARN_EMPTY_BODY = YES;
				CLANG_WARN_ENUM_CONVERSION = YES;
				CLANG_WARN_INFINITE_RECURSION = YES;
				CLANG_WARN_INT_CONVERSION = YES;
				CLANG_WARN_NON_LITERAL_NULL_CONVERSION = YES;
				CLANG_WARN_OBJC_IMPLICIT_RETAIN_SELF = YES;
				CLANG_WARN_OBJC_LITERAL_CONVERSION = YES;
				CLANG_WARN_OBJC_ROOT_CLASS = YES_ERROR;
				CLANG_WARN_QUOTED_INCLUDE_IN_FRAMEWORK_HEADER = YES;
				CLANG_WARN_RANGE_LOOP_ANALYSIS = YES;
				CLANG_WARN_STRICT_PROTOTYPES = YES;
				CLANG_WARN_SUSPICIOUS_MOVE = YES;
				CLANG_WARN_UNGUARDED_AVAILABILITY = YES_AGGRESSIVE;
				CLANG_WARN_UNREACHABLE_CODE = YES;
				CLANG_WARN__DUPLICATE_METHOD_MATCH = YES;
				COPY_PHASE_STRIP = NO;
				DEBUG_INFORMATION_FORMAT = "dwarf-with-dsym";
				ENABLE_NS_ASSERTIONS = NO;
				ENABLE_STRICT_OBJC_MSGSEND = YES;
				GCC_C_LANGUAGE_STANDARD = gnu11;
				GCC_NO_COMMON_BLOCKS = YES;
				GCC_WARN_64_TO_32_BIT_CONVERSION = YES;
				GCC_WARN_ABOUT_RETURN_TYPE = YES_ERROR;
				GCC_WARN_UNDECLARED_SELECTOR = YES;
				GCC_WARN_UNINITIALIZED_AUTOS = YES_AGGRESSIVE;
				GCC_WARN_UNUSED_FUNCTION = YES;
				GCC_WARN_UNUSED_VARIABLE = YES;
				IPHONEOS_DEPLOYMENT_TARGET = 15.5;
				MTL_ENABLE_DEBUG_INFO = NO;
				MTL_FAST_MATH = YES;
				SDKROOT = iphoneos;
				SWIFT_COMPILATION_MODE = wholemodule;
				SWIFT_OPTIMIZATION_LEVEL = "-O";
				VALIDATE_PRODUCT = YES;
			};
			name = Release;
		};
		D0233E342995784E0094E89D /* Debug */ = {
			isa = XCBuildConfiguration;
			buildSettings = {
				ASSETCATALOG_COMPILER_APPICON_NAME = AppIcon;
				ASSETCATALOG_COMPILER_GLOBAL_ACCENT_COLOR_NAME = AccentColor;
				CODE_SIGN_STYLE = Automatic;
				CURRENT_PROJECT_VERSION = 1;
				DEVELOPMENT_ASSET_PATHS = "\"RandomFact/Preview Content\"";
				DEVELOPMENT_TEAM = 655K34WV58;
				ENABLE_PREVIEWS = YES;
				GENERATE_INFOPLIST_FILE = YES;
				INFOPLIST_KEY_UIApplicationSceneManifest_Generation = YES;
				INFOPLIST_KEY_UIApplicationSupportsIndirectInputEvents = YES;
				INFOPLIST_KEY_UILaunchScreen_Generation = YES;
				INFOPLIST_KEY_UISupportedInterfaceOrientations_iPad = "UIInterfaceOrientationPortrait UIInterfaceOrientationPortraitUpsideDown UIInterfaceOrientationLandscapeLeft UIInterfaceOrientationLandscapeRight";
				INFOPLIST_KEY_UISupportedInterfaceOrientations_iPhone = "UIInterfaceOrientationPortrait UIInterfaceOrientationLandscapeLeft UIInterfaceOrientationLandscapeRight";
				LD_RUNPATH_SEARCH_PATHS = (
					"$(inherited)",
					"@executable_path/Frameworks",
				);
				MARKETING_VERSION = 1.0;
				PRODUCT_BUNDLE_IDENTIFIER = com.Oluwatomiwa.RandomFact;
				PRODUCT_NAME = "$(TARGET_NAME)";
				SWIFT_EMIT_LOC_STRINGS = YES;
				SWIFT_VERSION = 5.0;
				TARGETED_DEVICE_FAMILY = "1,2";
			};
			name = Debug;
		};
		D0233E352995784E0094E89D /* Release */ = {
			isa = XCBuildConfiguration;
			buildSettings = {
				ASSETCATALOG_COMPILER_APPICON_NAME = AppIcon;
				ASSETCATALOG_COMPILER_GLOBAL_ACCENT_COLOR_NAME = AccentColor;
				CODE_SIGN_STYLE = Automatic;
				CURRENT_PROJECT_VERSION = 1;
				DEVELOPMENT_ASSET_PATHS = "\"RandomFact/Preview Content\"";
				DEVELOPMENT_TEAM = 655K34WV58;
				ENABLE_PREVIEWS = YES;
				GENERATE_INFOPLIST_FILE = YES;
				INFOPLIST_KEY_UIApplicationSceneManifest_Generation = YES;
				INFOPLIST_KEY_UIApplicationSupportsIndirectInputEvents = YES;
				INFOPLIST_KEY_UILaunchScreen_Generation = YES;
				INFOPLIST_KEY_UISupportedInterfaceOrientations_iPad = "UIInterfaceOrientationPortrait UIInterfaceOrientationPortraitUpsideDown UIInterfaceOrientationLandscapeLeft UIInterfaceOrientationLandscapeRight";
				INFOPLIST_KEY_UISupportedInterfaceOrientations_iPhone = "UIInterfaceOrientationPortrait UIInterfaceOrientationLandscapeLeft UIInterfaceOrientationLandscapeRight";
				LD_RUNPATH_SEARCH_PATHS = (
					"$(inherited)",
					"@executable_path/Frameworks",
				);
				MARKETING_VERSION = 1.0;
				PRODUCT_BUNDLE_IDENTIFIER = com.Oluwatomiwa.RandomFact;
				PRODUCT_NAME = "$(TARGET_NAME)";
				SWIFT_EMIT_LOC_STRINGS = YES;
				SWIFT_VERSION = 5.0;
				TARGETED_DEVICE_FAMILY = "1,2";
			};
			name = Release;
		};
		D0233E372995784E0094E89D /* Debug */ = {
			isa = XCBuildConfiguration;
			buildSettings = {
				ALWAYS_EMBED_SWIFT_STANDARD_LIBRARIES = YES;
				BUNDLE_LOADER = "$(TEST_HOST)";
				CODE_SIGN_STYLE = Automatic;
				CURRENT_PROJECT_VERSION = 1;
				DEVELOPMENT_TEAM = 655K34WV58;
				GENERATE_INFOPLIST_FILE = YES;
				IPHONEOS_DEPLOYMENT_TARGET = 15.5;
				MARKETING_VERSION = 1.0;
				PRODUCT_BUNDLE_IDENTIFIER = com.Oluwatomiwa.RandomFactTests;
				PRODUCT_NAME = "$(TARGET_NAME)";
				SWIFT_EMIT_LOC_STRINGS = NO;
				SWIFT_VERSION = 5.0;
				TARGETED_DEVICE_FAMILY = "1,2";
				TEST_HOST = "$(BUILT_PRODUCTS_DIR)/RandomFact.app/RandomFact";
			};
			name = Debug;
		};
		D0233E382995784E0094E89D /* Release */ = {
			isa = XCBuildConfiguration;
			buildSettings = {
				ALWAYS_EMBED_SWIFT_STANDARD_LIBRARIES = YES;
				BUNDLE_LOADER = "$(TEST_HOST)";
				CODE_SIGN_STYLE = Automatic;
				CURRENT_PROJECT_VERSION = 1;
				DEVELOPMENT_TEAM = 655K34WV58;
				GENERATE_INFOPLIST_FILE = YES;
				IPHONEOS_DEPLOYMENT_TARGET = 15.5;
				MARKETING_VERSION = 1.0;
				PRODUCT_BUNDLE_IDENTIFIER = com.Oluwatomiwa.RandomFactTests;
				PRODUCT_NAME = "$(TARGET_NAME)";
				SWIFT_EMIT_LOC_STRINGS = NO;
				SWIFT_VERSION = 5.0;
				TARGETED_DEVICE_FAMILY = "1,2";
				TEST_HOST = "$(BUILT_PRODUCTS_DIR)/RandomFact.app/RandomFact";
			};
			name = Release;
		};
		D0233E3A2995784E0094E89D /* Debug */ = {
			isa = XCBuildConfiguration;
			buildSettings = {
				ALWAYS_EMBED_SWIFT_STANDARD_LIBRARIES = YES;
				CODE_SIGN_STYLE = Automatic;
				CURRENT_PROJECT_VERSION = 1;
				DEVELOPMENT_TEAM = 655K34WV58;
				GENERATE_INFOPLIST_FILE = YES;
				MARKETING_VERSION = 1.0;
				PRODUCT_BUNDLE_IDENTIFIER = com.Oluwatomiwa.RandomFactUITests;
				PRODUCT_NAME = "$(TARGET_NAME)";
				SWIFT_EMIT_LOC_STRINGS = NO;
				SWIFT_VERSION = 5.0;
				TARGETED_DEVICE_FAMILY = "1,2";
				TEST_TARGET_NAME = RandomFact;
			};
			name = Debug;
		};
		D0233E3B2995784E0094E89D /* Release */ = {
			isa = XCBuildConfiguration;
			buildSettings = {
				ALWAYS_EMBED_SWIFT_STANDARD_LIBRARIES = YES;
				CODE_SIGN_STYLE = Automatic;
				CURRENT_PROJECT_VERSION = 1;
				DEVELOPMENT_TEAM = 655K34WV58;
				GENERATE_INFOPLIST_FILE = YES;
				MARKETING_VERSION = 1.0;
				PRODUCT_BUNDLE_IDENTIFIER = com.Oluwatomiwa.RandomFactUITests;
				PRODUCT_NAME = "$(TARGET_NAME)";
				SWIFT_EMIT_LOC_STRINGS = NO;
				SWIFT_VERSION = 5.0;
				TARGETED_DEVICE_FAMILY = "1,2";
				TEST_TARGET_NAME = RandomFact;
			};
			name = Release;
		};
/* End XCBuildConfiguration section */

/* Begin XCConfigurationList section */
		D0233E0A2995784C0094E89D /* Build configuration list for PBXProject "RandomFact" */ = {
			isa = XCConfigurationList;
			buildConfigurations = (
				D0233E312995784E0094E89D /* Debug */,
				D0233E322995784E0094E89D /* Release */,
			);
			defaultConfigurationIsVisible = 0;
			defaultConfigurationName = Release;
		};
		D0233E332995784E0094E89D /* Build configuration list for PBXNativeTarget "RandomFact" */ = {
			isa = XCConfigurationList;
			buildConfigurations = (
				D0233E342995784E0094E89D /* Debug */,
				D0233E352995784E0094E89D /* Release */,
			);
			defaultConfigurationIsVisible = 0;
			defaultConfigurationName = Release;
		};
		D0233E362995784E0094E89D /* Build configuration list for PBXNativeTarget "RandomFactTests" */ = {
			isa = XCConfigurationList;
			buildConfigurations = (
				D0233E372995784E0094E89D /* Debug */,
				D0233E382995784E0094E89D /* Release */,
			);
			defaultConfigurationIsVisible = 0;
			defaultConfigurationName = Release;
		};
		D0233E392995784E0094E89D /* Build configuration list for PBXNativeTarget "RandomFactUITests" */ = {
			isa = XCConfigurationList;
			buildConfigurations = (
				D0233E3A2995784E0094E89D /* Debug */,
				D0233E3B2995784E0094E89D /* Release */,
			);
			defaultConfigurationIsVisible = 0;
			defaultConfigurationName = Release;
		};
/* End XCConfigurationList section */
	};
	rootObject = D0233E072995784C0094E89D /* Project object */;
}
